
Microsoft Visual Studio Solution File, Format Version 12.00
# Visual Studio Version 16
VisualStudioVersion = 16.0.30114.105
MinimumVisualStudioVersion = 10.0.40219.1
Project("{8BC9CEB8-8B4A-11D0-8D11-00A0C91BC942}") = "AdventOfCodeUtilities", "common\AdventOfCodeUtilities.vcxproj", "{6EAA88C8-F3B4-4813-9D10-09278503689D}"
EndProject
Project("{8BC9CEB8-8B4A-11D0-8D11-00A0C91BC942}") = "Template project", "Template project\Template project.vcxproj", "{52F681FA-43AF-4086-A0FD-DC01B523EB8A}"
EndProject
Project("{8BC9CEB8-8B4A-11D0-8D11-00A0C91BC942}") = "day01", "day01\day01.vcxproj", "{56741B8F-AEDC-455B-84E1-ECFF4C7BD467}"
EndProject
Project("{8BC9CEB8-8B4A-11D0-8D11-00A0C91BC942}") = "day02", "day02\day02.vcxproj", "{D62253BC-7DD7-432A-B3E1-0759CB120272}"
EndProject
Project("{8BC9CEB8-8B4A-11D0-8D11-00A0C91BC942}") = "day03", "day03\day03.vcxproj", "{1405B98E-FF32-4602-A97F-AD8719A3C30D}"
EndProject
Project("{8BC9CEB8-8B4A-11D0-8D11-00A0C91BC942}") = "day04", "day04\day04.vcxproj", "{11BEBB48-B8DB-4668-89D7-131789651947}"
EndProject
Project("{8BC9CEB8-8B4A-11D0-8D11-00A0C91BC942}") = "day05", "day05\day05.vcxproj", "{3862166E-1304-4D5C-9638-3E3F7C995DAB}"
EndProject
Project("{8BC9CEB8-8B4A-11D0-8D11-00A0C91BC942}") = "day06", "day06\day06.vcxproj", "{05D27474-358C-4962-BAD0-6734C3FEBB75}"
EndProject
Project("{8BC9CEB8-8B4A-11D0-8D11-00A0C91BC942}") = "day07", "day07\day07.vcxproj", "{9090411E-538D-42ED-8C6A-2047CE46F111}"
EndProject
Project("{8BC9CEB8-8B4A-11D0-8D11-00A0C91BC942}") = "day08", "day08\day08.vcxproj", "{836D5918-DD34-4CBE-8195-862FEF6F61E4}"
EndProject
Project("{8BC9CEB8-8B4A-11D0-8D11-00A0C91BC942}") = "day09", "day09\day09.vcxproj", "{C5E9BCBE-907A-491E-B864-C25B3AFEB1E4}"
EndProject
Project("{8BC9CEB8-8B4A-11D0-8D11-00A0C91BC942}") = "day10", "day10\day10.vcxproj", "{B5F962CB-9037-43DB-9184-46C823415B5F}"
EndProject
Project("{8BC9CEB8-8B4A-11D0-8D11-00A0C91BC942}") = "day11", "day11\day11.vcxproj", "{278E7854-3926-4E8B-B589-238158085E30}"
EndProject
Project("{8BC9CEB8-8B4A-11D0-8D11-00A0C91BC942}") = "day12", "day12\day12.vcxproj", "{02D98FF2-9FA9-431B-BFEF-755CDA8467C6}"
EndProject
Global
	GlobalSection(SolutionConfigurationPlatforms) = preSolution
		Debug|x64 = Debug|x64
		Debug|x86 = Debug|x86
		Release|x64 = Release|x64
		Release|x86 = Release|x86
	EndGlobalSection
	GlobalSection(ProjectConfigurationPlatforms) = postSolution
		{6EAA88C8-F3B4-4813-9D10-09278503689D}.Debug|x64.ActiveCfg = Debug|x64
		{6EAA88C8-F3B4-4813-9D10-09278503689D}.Debug|x64.Build.0 = Debug|x64
		{6EAA88C8-F3B4-4813-9D10-09278503689D}.Debug|x86.ActiveCfg = Debug|Win32
		{6EAA88C8-F3B4-4813-9D10-09278503689D}.Debug|x86.Build.0 = Debug|Win32
		{6EAA88C8-F3B4-4813-9D10-09278503689D}.Release|x64.ActiveCfg = Release|x64
		{6EAA88C8-F3B4-4813-9D10-09278503689D}.Release|x64.Build.0 = Release|x64
		{6EAA88C8-F3B4-4813-9D10-09278503689D}.Release|x86.ActiveCfg = Release|Win32
		{6EAA88C8-F3B4-4813-9D10-09278503689D}.Release|x86.Build.0 = Release|Win32
		{52F681FA-43AF-4086-A0FD-DC01B523EB8A}.Debug|x64.ActiveCfg = Debug|x64
		{52F681FA-43AF-4086-A0FD-DC01B523EB8A}.Debug|x64.Build.0 = Debug|x64
		{52F681FA-43AF-4086-A0FD-DC01B523EB8A}.Debug|x86.ActiveCfg = Debug|Win32
		{52F681FA-43AF-4086-A0FD-DC01B523EB8A}.Debug|x86.Build.0 = Debug|Win32
		{52F681FA-43AF-4086-A0FD-DC01B523EB8A}.Release|x64.ActiveCfg = Release|x64
		{52F681FA-43AF-4086-A0FD-DC01B523EB8A}.Release|x64.Build.0 = Release|x64
		{52F681FA-43AF-4086-A0FD-DC01B523EB8A}.Release|x86.ActiveCfg = Release|Win32
		{52F681FA-43AF-4086-A0FD-DC01B523EB8A}.Release|x86.Build.0 = Release|Win32
		{56741B8F-AEDC-455B-84E1-ECFF4C7BD467}.Debug|x64.ActiveCfg = Debug|x64
		{56741B8F-AEDC-455B-84E1-ECFF4C7BD467}.Debug|x64.Build.0 = Debug|x64
		{56741B8F-AEDC-455B-84E1-ECFF4C7BD467}.Debug|x86.ActiveCfg = Debug|Win32
		{56741B8F-AEDC-455B-84E1-ECFF4C7BD467}.Debug|x86.Build.0 = Debug|Win32
		{56741B8F-AEDC-455B-84E1-ECFF4C7BD467}.Release|x64.ActiveCfg = Release|x64
		{56741B8F-AEDC-455B-84E1-ECFF4C7BD467}.Release|x64.Build.0 = Release|x64
		{56741B8F-AEDC-455B-84E1-ECFF4C7BD467}.Release|x86.ActiveCfg = Release|Win32
		{56741B8F-AEDC-455B-84E1-ECFF4C7BD467}.Release|x86.Build.0 = Release|Win32
		{D62253BC-7DD7-432A-B3E1-0759CB120272}.Debug|x64.ActiveCfg = Debug|x64
		{D62253BC-7DD7-432A-B3E1-0759CB120272}.Debug|x64.Build.0 = Debug|x64
		{D62253BC-7DD7-432A-B3E1-0759CB120272}.Debug|x86.ActiveCfg = Debug|Win32
		{D62253BC-7DD7-432A-B3E1-0759CB120272}.Debug|x86.Build.0 = Debug|Win32
		{D62253BC-7DD7-432A-B3E1-0759CB120272}.Release|x64.ActiveCfg = Release|x64
		{D62253BC-7DD7-432A-B3E1-0759CB120272}.Release|x64.Build.0 = Release|x64
		{D62253BC-7DD7-432A-B3E1-0759CB120272}.Release|x86.ActiveCfg = Release|Win32
		{D62253BC-7DD7-432A-B3E1-0759CB120272}.Release|x86.Build.0 = Release|Win32
		{1405B98E-FF32-4602-A97F-AD8719A3C30D}.Debug|x64.ActiveCfg = Debug|x64
		{1405B98E-FF32-4602-A97F-AD8719A3C30D}.Debug|x64.Build.0 = Debug|x64
		{1405B98E-FF32-4602-A97F-AD8719A3C30D}.Debug|x86.ActiveCfg = Debug|Win32
		{1405B98E-FF32-4602-A97F-AD8719A3C30D}.Debug|x86.Build.0 = Debug|Win32
		{1405B98E-FF32-4602-A97F-AD8719A3C30D}.Release|x64.ActiveCfg = Release|x64
		{1405B98E-FF32-4602-A97F-AD8719A3C30D}.Release|x64.Build.0 = Release|x64
		{1405B98E-FF32-4602-A97F-AD8719A3C30D}.Release|x86.ActiveCfg = Release|Win32
		{1405B98E-FF32-4602-A97F-AD8719A3C30D}.Release|x86.Build.0 = Release|Win32
		{11BEBB48-B8DB-4668-89D7-131789651947}.Debug|x64.ActiveCfg = Debug|x64
		{11BEBB48-B8DB-4668-89D7-131789651947}.Debug|x64.Build.0 = Debug|x64
		{11BEBB48-B8DB-4668-89D7-131789651947}.Debug|x86.ActiveCfg = Debug|Win32
		{11BEBB48-B8DB-4668-89D7-131789651947}.Debug|x86.Build.0 = Debug|Win32
		{11BEBB48-B8DB-4668-89D7-131789651947}.Release|x64.ActiveCfg = Release|x64
		{11BEBB48-B8DB-4668-89D7-131789651947}.Release|x64.Build.0 = Release|x64
		{11BEBB48-B8DB-4668-89D7-131789651947}.Release|x86.ActiveCfg = Release|Win32
		{11BEBB48-B8DB-4668-89D7-131789651947}.Release|x86.Build.0 = Release|Win32
		{3862166E-1304-4D5C-9638-3E3F7C995DAB}.Debug|x64.ActiveCfg = Debug|x64
		{3862166E-1304-4D5C-9638-3E3F7C995DAB}.Debug|x64.Build.0 = Debug|x64
		{3862166E-1304-4D5C-9638-3E3F7C995DAB}.Debug|x86.ActiveCfg = Debug|Win32
		{3862166E-1304-4D5C-9638-3E3F7C995DAB}.Debug|x86.Build.0 = Debug|Win32
		{3862166E-1304-4D5C-9638-3E3F7C995DAB}.Release|x64.ActiveCfg = Release|x64
		{3862166E-1304-4D5C-9638-3E3F7C995DAB}.Release|x64.Build.0 = Release|x64
		{3862166E-1304-4D5C-9638-3E3F7C995DAB}.Release|x86.ActiveCfg = Release|Win32
		{3862166E-1304-4D5C-9638-3E3F7C995DAB}.Release|x86.Build.0 = Release|Win32
		{05D27474-358C-4962-BAD0-6734C3FEBB75}.Debug|x64.ActiveCfg = Debug|x64
		{05D27474-358C-4962-BAD0-6734C3FEBB75}.Debug|x64.Build.0 = Debug|x64
		{05D27474-358C-4962-BAD0-6734C3FEBB75}.Debug|x86.ActiveCfg = Debug|Win32
		{05D27474-358C-4962-BAD0-6734C3FEBB75}.Debug|x86.Build.0 = Debug|Win32
		{05D27474-358C-4962-BAD0-6734C3FEBB75}.Release|x64.ActiveCfg = Release|x64
		{05D27474-358C-4962-BAD0-6734C3FEBB75}.Release|x64.Build.0 = Release|x64
		{05D27474-358C-4962-BAD0-6734C3FEBB75}.Release|x86.ActiveCfg = Release|Win32
		{05D27474-358C-4962-BAD0-6734C3FEBB75}.Release|x86.Build.0 = Release|Win32
		{9090411E-538D-42ED-8C6A-2047CE46F111}.Debug|x64.ActiveCfg = Debug|x64
		{9090411E-538D-42ED-8C6A-2047CE46F111}.Debug|x64.Build.0 = Debug|x64
		{9090411E-538D-42ED-8C6A-2047CE46F111}.Debug|x86.ActiveCfg = Debug|Win32
		{9090411E-538D-42ED-8C6A-2047CE46F111}.Debug|x86.Build.0 = Debug|Win32
		{9090411E-538D-42ED-8C6A-2047CE46F111}.Release|x64.ActiveCfg = Release|x64
		{9090411E-538D-42ED-8C6A-2047CE46F111}.Release|x64.Build.0 = Release|x64
		{9090411E-538D-42ED-8C6A-2047CE46F111}.Release|x86.ActiveCfg = Release|Win32
		{9090411E-538D-42ED-8C6A-2047CE46F111}.Release|x86.Build.0 = Release|Win32
		{836D5918-DD34-4CBE-8195-862FEF6F61E4}.Debug|x64.ActiveCfg = Debug|x64
		{836D5918-DD34-4CBE-8195-862FEF6F61E4}.Debug|x64.Build.0 = Debug|x64
		{836D5918-DD34-4CBE-8195-862FEF6F61E4}.Debug|x86.ActiveCfg = Debug|Win32
		{836D5918-DD34-4CBE-8195-862FEF6F61E4}.Debug|x86.Build.0 = Debug|Win32
		{836D5918-DD34-4CBE-8195-862FEF6F61E4}.Release|x64.ActiveCfg = Release|x64
		{836D5918-DD34-4CBE-8195-862FEF6F61E4}.Release|x64.Build.0 = Release|x64
		{836D5918-DD34-4CBE-8195-862FEF6F61E4}.Release|x86.ActiveCfg = Release|Win32
		{836D5918-DD34-4CBE-8195-862FEF6F61E4}.Release|x86.Build.0 = Release|Win32
		{C5E9BCBE-907A-491E-B864-C25B3AFEB1E4}.Debug|x64.ActiveCfg = Debug|x64
		{C5E9BCBE-907A-491E-B864-C25B3AFEB1E4}.Debug|x64.Build.0 = Debug|x64
		{C5E9BCBE-907A-491E-B864-C25B3AFEB1E4}.Debug|x86.ActiveCfg = Debug|Win32
		{C5E9BCBE-907A-491E-B864-C25B3AFEB1E4}.Debug|x86.Build.0 = Debug|Win32
		{C5E9BCBE-907A-491E-B864-C25B3AFEB1E4}.Release|x64.ActiveCfg = Release|x64
		{C5E9BCBE-907A-491E-B864-C25B3AFEB1E4}.Release|x64.Build.0 = Release|x64
		{C5E9BCBE-907A-491E-B864-C25B3AFEB1E4}.Release|x86.ActiveCfg = Release|Win32
		{C5E9BCBE-907A-491E-B864-C25B3AFEB1E4}.Release|x86.Build.0 = Release|Win32
		{B5F962CB-9037-43DB-9184-46C823415B5F}.Debug|x64.ActiveCfg = Debug|x64
		{B5F962CB-9037-43DB-9184-46C823415B5F}.Debug|x64.Build.0 = Debug|x64
		{B5F962CB-9037-43DB-9184-46C823415B5F}.Debug|x86.ActiveCfg = Debug|Win32
		{B5F962CB-9037-43DB-9184-46C823415B5F}.Debug|x86.Build.0 = Debug|Win32
		{B5F962CB-9037-43DB-9184-46C823415B5F}.Release|x64.ActiveCfg = Release|x64
		{B5F962CB-9037-43DB-9184-46C823415B5F}.Release|x64.Build.0 = Release|x64
		{B5F962CB-9037-43DB-9184-46C823415B5F}.Release|x86.ActiveCfg = Release|Win32
		{B5F962CB-9037-43DB-9184-46C823415B5F}.Release|x86.Build.0 = Release|Win32
		{278E7854-3926-4E8B-B589-238158085E30}.Debug|x64.ActiveCfg = Debug|x64
		{278E7854-3926-4E8B-B589-238158085E30}.Debug|x64.Build.0 = Debug|x64
		{278E7854-3926-4E8B-B589-238158085E30}.Debug|x86.ActiveCfg = Debug|Win32
		{278E7854-3926-4E8B-B589-238158085E30}.Debug|x86.Build.0 = Debug|Win32
		{278E7854-3926-4E8B-B589-238158085E30}.Release|x64.ActiveCfg = Release|x64
		{278E7854-3926-4E8B-B589-238158085E30}.Release|x64.Build.0 = Release|x64
		{278E7854-3926-4E8B-B589-238158085E30}.Release|x86.ActiveCfg = Release|Win32
		{278E7854-3926-4E8B-B589-238158085E30}.Release|x86.Build.0 = Release|Win32
		{02D98FF2-9FA9-431B-BFEF-755CDA8467C6}.Debug|x64.ActiveCfg = Debug|x64
		{02D98FF2-9FA9-431B-BFEF-755CDA8467C6}.Debug|x64.Build.0 = Debug|x64
		{02D98FF2-9FA9-431B-BFEF-755CDA8467C6}.Debug|x86.ActiveCfg = Debug|Win32
		{02D98FF2-9FA9-431B-BFEF-755CDA8467C6}.Debug|x86.Build.0 = Debug|Win32
		{02D98FF2-9FA9-431B-BFEF-755CDA8467C6}.Release|x64.ActiveCfg = Release|x64
		{02D98FF2-9FA9-431B-BFEF-755CDA8467C6}.Release|x64.Build.0 = Release|x64
		{02D98FF2-9FA9-431B-BFEF-755CDA8467C6}.Release|x86.ActiveCfg = Release|Win32
		{02D98FF2-9FA9-431B-BFEF-755CDA8467C6}.Release|x86.Build.0 = Release|Win32
	EndGlobalSection
	GlobalSection(SolutionProperties) = preSolution
		HideSolutionNode = FALSE
	EndGlobalSection
	GlobalSection(ExtensibilityGlobals) = postSolution
		SolutionGuid = {2F893184-5746-4C6D-9EF0-02EB9425E18D}
	EndGlobalSection
EndGlobal
