
Microsoft Visual Studio Solution File, Format Version 12.00
# Visual Studio Version 16
VisualStudioVersion = 16.0.30114.105
MinimumVisualStudioVersion = 10.0.40219.1
Project("{8BC9CEB8-8B4A-11D0-8D11-00A0C91BC942}") = "AdventOfCodeUtilities", "common\AdventOfCodeUtilities.vcxproj", "{6EAA88C8-F3B4-4813-9D10-09278503689D}"
EndProject
Project("{8BC9CEB8-8B4A-11D0-8D11-00A0C91BC942}") = "Template project", "Template project\Template project.vcxproj", "{52F681FA-43AF-4086-A0FD-DC01B523EB8A}"
EndProject
Project("{8BC9CEB8-8B4A-11D0-8D11-00A0C91BC942}") = "day01", "day01\day01.vcxproj", "{56741B8F-AEDC-455B-84E1-ECFF4C7BD467}"
EndProject
Project("{8BC9CEB8-8B4A-11D0-8D11-00A0C91BC942}") = "day02", "day02\day02.vcxproj", "{D62253BC-7DD7-432A-B3E1-0759CB120272}"
EndProject
Project("{8BC9CEB8-8B4A-11D0-8D11-00A0C91BC942}") = "day03", "day03\day03.vcxproj", "{1405B98E-FF32-4602-A97F-AD8719A3C30D}"
EndProject
Project("{8BC9CEB8-8B4A-11D0-8D11-00A0C91BC942}") = "day04", "day04\day04.vcxproj", "{11BEBB48-B8DB-4668-89D7-131789651947}"
EndProject
Project("{8BC9CEB8-8B4A-11D0-8D11-00A0C91BC942}") = "day05", "day05\day05.vcxproj", "{3862166E-1304-4D5C-9638-3E3F7C995DAB}"
EndProject
Global
	GlobalSection(SolutionConfigurationPlatforms) = preSolution
		Debug|x64 = Debug|x64
		Debug|x86 = Debug|x86
		Release|x64 = Release|x64
		Release|x86 = Release|x86
	EndGlobalSection
	GlobalSection(ProjectConfigurationPlatforms) = postSolution
		{6EAA88C8-F3B4-4813-9D10-09278503689D}.Debug|x64.ActiveCfg = Debug|x64
		{6EAA88C8-F3B4-4813-9D10-09278503689D}.Debug|x64.Build.0 = Debug|x64
		{6EAA88C8-F3B4-4813-9D10-09278503689D}.Debug|x86.ActiveCfg = Debug|Win32
		{6EAA88C8-F3B4-4813-9D10-09278503689D}.Debug|x86.Build.0 = Debug|Win32
		{6EAA88C8-F3B4-4813-9D10-09278503689D}.Release|x64.ActiveCfg = Release|x64
		{6EAA88C8-F3B4-4813-9D10-09278503689D}.Release|x64.Build.0 = Release|x64
		{6EAA88C8-F3B4-4813-9D10-09278503689D}.Release|x86.ActiveCfg = Release|Win32
		{6EAA88C8-F3B4-4813-9D10-09278503689D}.Release|x86.Build.0 = Release|Win32
		{52F681FA-43AF-4086-A0FD-DC01B523EB8A}.Debug|x64.ActiveCfg = Debug|x64
		{52F681FA-43AF-4086-A0FD-DC01B523EB8A}.Debug|x64.Build.0 = Debug|x64
		{52F681FA-43AF-4086-A0FD-DC01B523EB8A}.Debug|x86.ActiveCfg = Debug|Win32
		{52F681FA-43AF-4086-A0FD-DC01B523EB8A}.Debug|x86.Build.0 = Debug|Win32
		{52F681FA-43AF-4086-A0FD-DC01B523EB8A}.Release|x64.ActiveCfg = Release|x64
		{52F681FA-43AF-4086-A0FD-DC01B523EB8A}.Release|x64.Build.0 = Release|x64
		{52F681FA-43AF-4086-A0FD-DC01B523EB8A}.Release|x86.ActiveCfg = Release|Win32
		{52F681FA-43AF-4086-A0FD-DC01B523EB8A}.Release|x86.Build.0 = Release|Win32
		{56741B8F-AEDC-455B-84E1-ECFF4C7BD467}.Debug|x64.ActiveCfg = Debug|x64
		{56741B8F-AEDC-455B-84E1-ECFF4C7BD467}.Debug|x64.Build.0 = Debug|x64
		{56741B8F-AEDC-455B-84E1-ECFF4C7BD467}.Debug|x86.ActiveCfg = Debug|Win32
		{56741B8F-AEDC-455B-84E1-ECFF4C7BD467}.Debug|x86.Build.0 = Debug|Win32
		{56741B8F-AEDC-455B-84E1-ECFF4C7BD467}.Release|x64.ActiveCfg = Release|x64
		{56741B8F-AEDC-455B-84E1-ECFF4C7BD467}.Release|x64.Build.0 = Release|x64
		{56741B8F-AEDC-455B-84E1-ECFF4C7BD467}.Release|x86.ActiveCfg = Release|Win32
		{56741B8F-AEDC-455B-84E1-ECFF4C7BD467}.Release|x86.Build.0 = Release|Win32
		{D62253BC-7DD7-432A-B3E1-0759CB120272}.Debug|x64.ActiveCfg = Debug|x64
		{D62253BC-7DD7-432A-B3E1-0759CB120272}.Debug|x64.Build.0 = Debug|x64
		{D62253BC-7DD7-432A-B3E1-0759CB120272}.Debug|x86.ActiveCfg = Debug|Win32
		{D62253BC-7DD7-432A-B3E1-0759CB120272}.Debug|x86.Build.0 = Debug|Win32
		{D62253BC-7DD7-432A-B3E1-0759CB120272}.Release|x64.ActiveCfg = Release|x64
		{D62253BC-7DD7-432A-B3E1-0759CB120272}.Release|x64.Build.0 = Release|x64
		{D62253BC-7DD7-432A-B3E1-0759CB120272}.Release|x86.ActiveCfg = Release|Win32
		{D62253BC-7DD7-432A-B3E1-0759CB120272}.Release|x86.Build.0 = Release|Win32
		{1405B98E-FF32-4602-A97F-AD8719A3C30D}.Debug|x64.ActiveCfg = Debug|x64
		{1405B98E-FF32-4602-A97F-AD8719A3C30D}.Debug|x64.Build.0 = Debug|x64
		{1405B98E-FF32-4602-A97F-AD8719A3C30D}.Debug|x86.ActiveCfg = Debug|Win32
		{1405B98E-FF32-4602-A97F-AD8719A3C30D}.Debug|x86.Build.0 = Debug|Win32
		{1405B98E-FF32-4602-A97F-AD8719A3C30D}.Release|x64.ActiveCfg = Release|x64
		{1405B98E-FF32-4602-A97F-AD8719A3C30D}.Release|x64.Build.0 = Release|x64
		{1405B98E-FF32-4602-A97F-AD8719A3C30D}.Release|x86.ActiveCfg = Release|Win32
		{1405B98E-FF32-4602-A97F-AD8719A3C30D}.Release|x86.Build.0 = Release|Win32
		{11BEBB48-B8DB-4668-89D7-131789651947}.Debug|x64.ActiveCfg = Debug|x64
		{11BEBB48-B8DB-4668-89D7-131789651947}.Debug|x64.Build.0 = Debug|x64
		{11BEBB48-B8DB-4668-89D7-131789651947}.Debug|x86.ActiveCfg = Debug|Win32
		{11BEBB48-B8DB-4668-89D7-131789651947}.Debug|x86.Build.0 = Debug|Win32
		{11BEBB48-B8DB-4668-89D7-131789651947}.Release|x64.ActiveCfg = Release|x64
		{11BEBB48-B8DB-4668-89D7-131789651947}.Release|x64.Build.0 = Release|x64
		{11BEBB48-B8DB-4668-89D7-131789651947}.Release|x86.ActiveCfg = Release|Win32
		{11BEBB48-B8DB-4668-89D7-131789651947}.Release|x86.Build.0 = Release|Win32
		{3862166E-1304-4D5C-9638-3E3F7C995DAB}.Debug|x64.ActiveCfg = Debug|x64
		{3862166E-1304-4D5C-9638-3E3F7C995DAB}.Debug|x64.Build.0 = Debug|x64
		{3862166E-1304-4D5C-9638-3E3F7C995DAB}.Debug|x86.ActiveCfg = Debug|Win32
		{3862166E-1304-4D5C-9638-3E3F7C995DAB}.Debug|x86.Build.0 = Debug|Win32
		{3862166E-1304-4D5C-9638-3E3F7C995DAB}.Release|x64.ActiveCfg = Release|x64
		{3862166E-1304-4D5C-9638-3E3F7C995DAB}.Release|x64.Build.0 = Release|x64
		{3862166E-1304-4D5C-9638-3E3F7C995DAB}.Release|x86.ActiveCfg = Release|Win32
		{3862166E-1304-4D5C-9638-3E3F7C995DAB}.Release|x86.Build.0 = Release|Win32
	EndGlobalSection
	GlobalSection(SolutionProperties) = preSolution
		HideSolutionNode = FALSE
	EndGlobalSection
	GlobalSection(ExtensibilityGlobals) = postSolution
		SolutionGuid = {2F893184-5746-4C6D-9EF0-02EB9425E18D}
	EndGlobalSection
EndGlobal
